// !$*UTF8*$!
{
	archiveVersion = 1;
	classes = {
	};
	objectVersion = 46;
	objects = {

/* Begin PBXBuildFile section */
		064C15CA1BF22160002D3381 /* AppDelegate.swift in Sources */ = {isa = PBXBuildFile; fileRef = 064C15C91BF22160002D3381 /* AppDelegate.swift */; };
		064C15CC1BF22160002D3381 /* ViewController.swift in Sources */ = {isa = PBXBuildFile; fileRef = 064C15CB1BF22160002D3381 /* ViewController.swift */; };
		064C15CF1BF22160002D3381 /* Main.storyboard in Resources */ = {isa = PBXBuildFile; fileRef = 064C15CD1BF22160002D3381 /* Main.storyboard */; };
		064C15D11BF22160002D3381 /* Assets.xcassets in Resources */ = {isa = PBXBuildFile; fileRef = 064C15D01BF22160002D3381 /* Assets.xcassets */; };
		064C15D41BF22160002D3381 /* LaunchScreen.storyboard in Resources */ = {isa = PBXBuildFile; fileRef = 064C15D21BF22160002D3381 /* LaunchScreen.storyboard */; };
/* End PBXBuildFile section */

/* Begin PBXFileReference section */
		064C15C61BF22160002D3381 /* tcc-modulo.app */ = {isa = PBXFileReference; explicitFileType = wrapper.application; includeInIndex = 0; path = "tcc-modulo.app"; sourceTree = BUILT_PRODUCTS_DIR; };
		064C15C91BF22160002D3381 /* AppDelegate.swift */ = {isa = PBXFileReference; lastKnownFileType = sourcecode.swift; path = AppDelegate.swift; sourceTree = "<group>"; };
		064C15CB1BF22160002D3381 /* ViewController.swift */ = {isa = PBXFileReference; lastKnownFileType = sourcecode.swift; path = ViewController.swift; sourceTree = "<group>"; };
		064C15CE1BF22160002D3381 /* Base */ = {isa = PBXFileReference; lastKnownFileType = file.storyboard; name = Base; path = Base.lproj/Main.storyboard; sourceTree = "<group>"; };
		064C15D01BF22160002D3381 /* Assets.xcassets */ = {isa = PBXFileReference; lastKnownFileType = folder.assetcatalog; path = Assets.xcassets; sourceTree = "<group>"; };
		064C15D31BF22160002D3381 /* Base */ = {isa = PBXFileReference; lastKnownFileType = file.storyboard; name = Base; path = Base.lproj/LaunchScreen.storyboard; sourceTree = "<group>"; };
		064C15D51BF22160002D3381 /* Info.plist */ = {isa = PBXFileReference; lastKnownFileType = text.plist.xml; path = Info.plist; sourceTree = "<group>"; };
/* End PBXFileReference section */

/* Begin PBXFrameworksBuildPhase section */
		064C15C31BF22160002D3381 /* Frameworks */ = {
			isa = PBXFrameworksBuildPhase;
			buildActionMask = 2147483647;
			files = (
			);
			runOnlyForDeploymentPostprocessing = 0;
		};
/* End PBXFrameworksBuildPhase section */

/* Begin PBXGroup section */
		064C15BD1BF22160002D3381 = {
			isa = PBXGroup;
			children = (
				064C15C81BF22160002D3381 /* tcc-modulo */,
				064C15C71BF22160002D3381 /* Products */,
			);
			sourceTree = "<group>";
		};
		064C15C71BF22160002D3381 /* Products */ = {
			isa = PBXGroup;
			children = (
				064C15C61BF22160002D3381 /* tcc-modulo.app */,
			);
			name = Products;
			sourceTree = "<group>";
		};
		064C15C81BF22160002D3381 /* tcc-modulo */ = {
			isa = PBXGroup;
			children = (
				064C15C91BF22160002D3381 /* AppDelegate.swift */,
				064C15CB1BF22160002D3381 /* ViewController.swift */,
				064C15CD1BF22160002D3381 /* Main.storyboard */,
				064C15D01BF22160002D3381 /* Assets.xcassets */,
				064C15D21BF22160002D3381 /* LaunchScreen.storyboard */,
				064C15D51BF22160002D3381 /* Info.plist */,
			);
			path = "tcc-modulo";
			sourceTree = "<group>";
		};
/* End PBXGroup section */

/* Begin PBXNativeTarget section */
		064C15C51BF22160002D3381 /* tcc-modulo */ = {
			isa = PBXNativeTarget;
			buildConfigurationList = 064C15D81BF22160002D3381 /* Build configuration list for PBXNativeTarget "tcc-modulo" */;
			buildPhases = (
				064C15C21BF22160002D3381 /* Sources */,
				064C15C31BF22160002D3381 /* Frameworks */,
				064C15C41BF22160002D3381 /* Resources */,
			);
			buildRules = (
			);
			dependencies = (
			);
			name = "tcc-modulo";
			productName = "tcc-modulo";
			productReference = 064C15C61BF22160002D3381 /* tcc-modulo.app */;
			productType = "com.apple.product-type.application";
		};
/* End PBXNativeTarget section */

/* Begin PBXProject section */
		064C15BE1BF22160002D3381 /* Project object */ = {
			isa = PBXProject;
			attributes = {
				LastSwiftUpdateCheck = 0710;
				LastUpgradeCheck = 0710;
				ORGANIZATIONNAME = "TI IT ZanaLab";
				TargetAttributes = {
					064C15C51BF22160002D3381 = {
						CreatedOnToolsVersion = 7.1;
					};
				};
			};
			buildConfigurationList = 064C15C11BF22160002D3381 /* Build configuration list for PBXProject "tcc-modulo" */;
			compatibilityVersion = "Xcode 3.2";
			developmentRegion = English;
			hasScannedForEncodings = 0;
			knownRegions = (
				en,
				Base,
			);
			mainGroup = 064C15BD1BF22160002D3381;
			productRefGroup = 064C15C71BF22160002D3381 /* Products */;
			projectDirPath = "";
			projectRoot = "";
			targets = (
				064C15C51BF22160002D3381 /* tcc-modulo */,
			);
		};
/* End PBXProject section */

/* Begin PBXResourcesBuildPhase section */
		064C15C41BF22160002D3381 /* Resources */ = {
			isa = PBXResourcesBuildPhase;
			buildActionMask = 2147483647;
			files = (
				064C15D41BF22160002D3381 /* LaunchScreen.storyboard in Resources */,
				064C15D11BF22160002D3381 /* Assets.xcassets in Resources */,
				064C15CF1BF22160002D3381 /* Main.storyboard in Resources */,
			);
			runOnlyForDeploymentPostprocessing = 0;
		};
/* End PBXResourcesBuildPhase section */

/* Begin PBXSourcesBuildPhase section */
		064C15C21BF22160002D3381 /* Sources */ = {
			isa = PBXSourcesBuildPhase;
			buildActionMask = 2147483647;
			files = (
				064C15CC1BF22160002D3381 /* ViewController.swift in Sources */,
				064C15CA1BF22160002D3381 /* AppDelegate.swift in Sources */,
			);
			runOnlyForDeploymentPostprocessing = 0;
		};
/* End PBXSourcesBuildPhase section */

/* Begin PBXVariantGroup section */
		064C15CD1BF22160002D3381 /* Main.storyboard */ = {
			isa = PBXVariantGroup;
			children = (
				064C15CE1BF22160002D3381 /* Base */,
			);
			name = Main.storyboard;
			sourceTree = "<group>";
		};
		064C15D21BF22160002D3381 /* LaunchScreen.storyboard */ = {
			isa = PBXVariantGroup;
			children = (
				064C15D31BF22160002D3381 /* Base */,
			);
			name = LaunchScreen.storyboard;
			sourceTree = "<group>";
		};
/* End PBXVariantGroup section */

/* Begin XCBuildConfiguration section */
		064C15D61BF22160002D3381 /* Debug */ = {
			isa = XCBuildConfiguration;
			buildSettings = {
				ALWAYS_SEARCH_USER_PATHS = NO;
				CLANG_CXX_LANGUAGE_STANDARD = "gnu++0x";
				CLANG_CXX_LIBRARY = "libc++";
				CLANG_ENABLE_MODULES = YES;
				CLANG_ENABLE_OBJC_ARC = YES;
				CLANG_WARN_BOOL_CONVERSION = YES;
				CLANG_WARN_CONSTANT_CONVERSION = YES;
				CLANG_WARN_DIRECT_OBJC_ISA_USAGE = YES_ERROR;
				CLANG_WARN_EMPTY_BODY = YES;
				CLANG_WARN_ENUM_CONVERSION = YES;
				CLANG_WARN_INT_CONVERSION = YES;
				CLANG_WARN_OBJC_ROOT_CLASS = YES_ERROR;
				CLANG_WARN_UNREACHABLE_CODE = YES;
				CLANG_WARN__DUPLICATE_METHOD_MATCH = YES;
				"CODE_SIGN_IDENTITY[sdk=iphoneos*]" = "iPhone Developer";
				COPY_PHASE_STRIP = NO;
				DEBUG_INFORMATION_FORMAT = dwarf;
				ENABLE_STRICT_OBJC_MSGSEND = YES;
				ENABLE_TESTABILITY = YES;
				GCC_C_LANGUAGE_STANDARD = gnu99;
				GCC_DYNAMIC_NO_PIC = NO;
				GCC_NO_COMMON_BLOCKS = YES;
				GCC_OPTIMIZATION_LEVEL = 0;
				GCC_PREPROCESSOR_DEFINITIONS = (
					"DEBUG=1",
					"$(inherited)",
				);
				GCC_WARN_64_TO_32_BIT_CONVERSION = YES;
				GCC_WARN_ABOUT_RETURN_TYPE = YES_ERROR;
				GCC_WARN_UNDECLARED_SELECTOR = YES;
				GCC_WARN_UNINITIALIZED_AUTOS = YES_AGGRESSIVE;
				GCC_WARN_UNUSED_FUNCTION = YES;
				GCC_WARN_UNUSED_VARIABLE = YES;
				IPHONEOS_DEPLOYMENT_TARGET = 9.1;
				MTL_ENABLE_DEBUG_INFO = YES;
				ONLY_ACTIVE_ARCH = YES;
				SDKROOT = iphoneos;
				SWIFT_OPTIMIZATION_LEVEL = "-Onone";
			};
			name = Debug;
		};
		064C15D71BF22160002D3381 /* Release */ = {
			isa = XCBuildConfiguration;
			buildSettings = {
				ALWAYS_SEARCH_USER_PATHS = NO;
				CLANG_CXX_LANGUAGE_STANDARD = "gnu++0x";
				CLANG_CXX_LIBRARY = "libc++";
				CLANG_ENABLE_MODULES = YES;
				CLANG_ENABLE_OBJC_ARC = YES;
				CLANG_WARN_BOOL_CONVERSION = YES;
				CLANG_WARN_CONSTANT_CONVERSION = YES;
				CLANG_WARN_DIRECT_OBJC_ISA_USAGE = YES_ERROR;
				CLANG_WARN_EMPTY_BODY = YES;
				CLANG_WARN_ENUM_CONVERSION = YES;
				CLANG_WARN_INT_CONVERSION = YES;
				CLANG_WARN_OBJC_ROOT_CLASS = YES_ERROR;
				CLANG_WARN_UNREACHABLE_CODE = YES;
				CLANG_WARN__DUPLICATE_METHOD_MATCH = YES;
				"CODE_SIGN_IDENTITY[sdk=iphoneos*]" = "iPhone Developer";
				COPY_PHASE_STRIP = NO;
				DEBUG_INFORMATION_FORMAT = "dwarf-with-dsym";
				ENABLE_NS_ASSERTIONS = NO;
				ENABLE_STRICT_OBJC_MSGSEND = YES;
				GCC_C_LANGUAGE_STANDARD = gnu99;
				GCC_NO_COMMON_BLOCKS = YES;
				GCC_WARN_64_TO_32_BIT_CONVERSION = YES;
				GCC_WARN_ABOUT_RETURN_TYPE = YES_ERROR;
				GCC_WARN_UNDECLARED_SELECTOR = YES;
				GCC_WARN_UNINITIALIZED_AUTOS = YES_AGGRESSIVE;
				GCC_WARN_UNUSED_FUNCTION = YES;
				GCC_WARN_UNUSED_VARIABLE = YES;
				IPHONEOS_DEPLOYMENT_TARGET = 9.1;
				MTL_ENABLE_DEBUG_INFO = NO;
				SDKROOT = iphoneos;
				VALIDATE_PRODUCT = YES;
			};
			name = Release;
		};
		064C15D91BF22160002D3381 /* Debug */ = {
			isa = XCBuildConfiguration;
			buildSettings = {
				ASSETCATALOG_COMPILER_APPICON_NAME = AppIcon;
				INFOPLIST_FILE = "tcc-modulo/Info.plist";
				LD_RUNPATH_SEARCH_PATHS = "$(inherited) @executable_path/Frameworks";
				PRODUCT_BUNDLE_IDENTIFIER = "com.TIIT.tcc-modulo";
				PRODUCT_NAME = "$(TARGET_NAME)";
			};
			name = Debug;
		};
		064C15DA1BF22160002D3381 /* Release */ = {
			isa = XCBuildConfiguration;
			buildSettings = {
				ASSETCATALOG_COMPILER_APPICON_NAME = AppIcon;
				INFOPLIST_FILE = "tcc-modulo/Info.plist";
				LD_RUNPATH_SEARCH_PATHS = "$(inherited) @executable_path/Frameworks";
				PRODUCT_BUNDLE_IDENTIFIER = "com.TIIT.tcc-modulo";
				PRODUCT_NAME = "$(TARGET_NAME)";
			};
			name = Release;
		};
/* End XCBuildConfiguration section */

/* Begin XCConfigurationList section */
		064C15C11BF22160002D3381 /* Build configuration list for PBXProject "tcc-modulo" */ = {
			isa = XCConfigurationList;
			buildConfigurations = (
				064C15D61BF22160002D3381 /* Debug */,
				064C15D71BF22160002D3381 /* Release */,
			);
			defaultConfigurationIsVisible = 0;
			defaultConfigurationName = Release;
		};
		064C15D81BF22160002D3381 /* Build configuration list for PBXNativeTarget "tcc-modulo" */ = {
			isa = XCConfigurationList;
			buildConfigurations = (
				064C15D91BF22160002D3381 /* Debug */,
				064C15DA1BF22160002D3381 /* Release */,
			);
			defaultConfigurationIsVisible = 0;
		};
/* End XCConfigurationList section */
	};
	rootObject = 064C15BE1BF22160002D3381 /* Project object */;
}
